# THIS IS AN AUTOGENERATED FILE. DO NOT EDIT THIS FILE DIRECTLY.
# yarn lockfile v1


"fsevents@~2.3.2":
  "integrity" "sha1-ilJveLj99GI7cJ4Ll1xSwkwC/Ro="
  "resolved" "https://registry.npm.taobao.org/fsevents/download/fsevents-2.3.2.tgz?cache=0&sync_timestamp=1612536409579&other_urls=https%3A%2F%2Fregistry.npm.taobao.org%2Ffsevents%2Fdownload%2Ffsevents-2.3.2.tgz"
  "version" "2.3.2"

"reflect-metadata@^0.1.13":
  "integrity" "sha1-Z648pXyXKiqhZCsQ/jY/4y1J3Ag="
  "resolved" "https://registry.npm.taobao.org/reflect-metadata/download/reflect-metadata-0.1.13.tgz"
  "version" "0.1.13"

"rollup@^2.56.3":
  "integrity" "sha1-tj7a3ZhRsNYYptDmr4IBlVp3rv8="
  "resolved" "https://registry.nlark.com/rollup/download/rollup-2.56.3.tgz"
  "version" "2.56.3"
  optionalDependencies:
    "fsevents" "~2.3.2"

"typescript@^4.4.2":
  "integrity" "sha1-bWGGQNQw41aaHftE99fmAM7T7oY="
  "resolved" "https://registry.nlark.com/typescript/download/typescript-4.4.2.tgz"
  "version" "4.4.2"
